
Microsoft Visual Studio Solution File, Format Version 11.00
# Visual Studio 2010
Project("{8BC9CEB8-8B4A-11D0-8D11-00A0C91BC942}") = "Lab 4", "Lab 4\Lab 4.vcxproj", "{EDC999AB-A6C2-4A33-A99E-C76010098BAC}"
EndProject
Project("{8BC9CEB8-8B4A-11D0-8D11-00A0C91BC942}") = "Lab 5", "Lab 5\Lab 5.vcxproj", "{C4399E4E-7BC9-4798-992A-BE7F7086FED1}"
EndProject
Project("{8BC9CEB8-8B4A-11D0-8D11-00A0C91BC942}") = "Lab 3", "Lab 3\Lab 3.vcxproj", "{BA94AE66-A333-430E-9356-A6E89374AE28}"
EndProject
Project("{8BC9CEB8-8B4A-11D0-8D11-00A0C91BC942}") = "inLab 3 pt I", "inLab 3 pt I\inLab 3 pt I.vcxproj", "{4BE0D61D-B3D7-4F70-8A8A-7E1A1D7FAACE}"
EndProject
Project("{8BC9CEB8-8B4A-11D0-8D11-00A0C91BC942}") = "inLab 3 pt II", "inLab 3 pt II\inLab 3 pt II.vcxproj", "{81E965DD-8688-4657-B5DF-17EFB042094E}"
EndProject
Project("{8BC9CEB8-8B4A-11D0-8D11-00A0C91BC942}") = "inLab 3 pt III", "inLab 3 pt III\inLab 3 pt III.vcxproj", "{16B724D2-6870-42D2-8DDF-264236786E89}"
EndProject
Project("{8BC9CEB8-8B4A-11D0-8D11-00A0C91BC942}") = "Lab 1", "Lab 1\Lab 1.vcxproj", "{FA20FE8B-AAB5-4C64-816B-C3D1644ACA85}"
EndProject
Project("{8BC9CEB8-8B4A-11D0-8D11-00A0C91BC942}") = "Lab 2", "Lab 2\Lab 2.vcxproj", "{C59B8F80-152D-4BFB-9D21-27F6FD12FCF2}"
EndProject
Project("{8BC9CEB8-8B4A-11D0-8D11-00A0C91BC942}") = "inLab 2 pt I", "inLab 2 pt I\inLab 2 pt I.vcxproj", "{933C5EE5-4D96-4B1A-92E2-770D6698364D}"
EndProject
Project("{8BC9CEB8-8B4A-11D0-8D11-00A0C91BC942}") = "inLab 2 pt II", "inLab 2 pt II\inLab 2 pt II.vcxproj", "{42F124C7-7DA4-410F-93F7-E55C143E1746}"
EndProject
Project("{8BC9CEB8-8B4A-11D0-8D11-00A0C91BC942}") = "inLab 2 pt III", "inLab 2 pt III\inLab 2 pt III.vcxproj", "{B2D50C6D-3254-4A78-B69B-E8FF83D4A60E}"
EndProject
Project("{8BC9CEB8-8B4A-11D0-8D11-00A0C91BC942}") = "inLab 4 pt I", "inLab 4 pt I\inLab 4 pt I.vcxproj", "{34738C16-8D5A-4132-9284-0775D3E4201F}"
EndProject
Project("{8BC9CEB8-8B4A-11D0-8D11-00A0C91BC942}") = "inLab 4 pt II", "inLab 4 pt II\inLab 4 pt II.vcxproj", "{047BEF80-5FA3-4E82-89CC-0EB0DC687A02}"
EndProject
Project("{8BC9CEB8-8B4A-11D0-8D11-00A0C91BC942}") = "Shared", "Shared\Shared.vcxproj", "{FD3FFD89-B4B9-453A-BAF5-CA85CD23DB5D}"
EndProject
Project("{8BC9CEB8-8B4A-11D0-8D11-00A0C91BC942}") = "inLab 5 pt I-II", "inLab 5 pt I\inLab 5 pt I.vcxproj", "{A7F647FB-0D7E-4591-85DA-70B35B2E4269}"
EndProject
Project("{8BC9CEB8-8B4A-11D0-8D11-00A0C91BC942}") = "inLab 7 pt I", "inLab 7 pt I\inLab 7 pt I.vcxproj", "{2C150943-D4E1-46D3-8619-F6A8A5A3F279}"
EndProject
Project("{8BC9CEB8-8B4A-11D0-8D11-00A0C91BC942}") = "inLab 7 pt III", "inLab 7 pt III\inLab 7 pt III.vcxproj", "{27E2298A-5EF9-4ACE-AF46-02960C13868B}"
EndProject
Project("{8BC9CEB8-8B4A-11D0-8D11-00A0C91BC942}") = "Lab 6", "Lab 6\Lab 6.vcxproj", "{BAF34FA9-3539-4F4F-9645-224C0445AF0C}"
EndProject
Project("{8BC9CEB8-8B4A-11D0-8D11-00A0C91BC942}") = "Lab 7", "Lab 7\Lab 7.vcxproj", "{89EC6A12-778E-46F8-A4C7-485FE16DCD0A}"
EndProject
Project("{8BC9CEB8-8B4A-11D0-8D11-00A0C91BC942}") = "Lab 8 pt I", "Lab 8 pt I\Lab 8 pt I.vcxproj", "{B686F685-9177-4116-AB31-B128D7E88D38}"
EndProject
Project("{8BC9CEB8-8B4A-11D0-8D11-00A0C91BC942}") = "Lab 8 pt II", "Lab 8 pt II\Lab 8 pt II.vcxproj", "{DA83F590-C9F5-48C4-B161-9847BE7115D4}"
EndProject
Project("{8BC9CEB8-8B4A-11D0-8D11-00A0C91BC942}") = "inLab 5 pt III", "inLab 5 pt III\inLab 5 pt III.vcxproj", "{D8E2C9CD-ED31-484E-8971-CE84F7F7AEFB}"
EndProject
Project("{8BC9CEB8-8B4A-11D0-8D11-00A0C91BC942}") = "inLab 6 pt I", "inLab 6 pt I\inLab 6 pt I.vcxproj", "{D0596FD4-9CC0-4E30-B5C6-0CEB07C89684}"
EndProject
Project("{8BC9CEB8-8B4A-11D0-8D11-00A0C91BC942}") = "inLab 6 pt II", "inLab 6 pt II\inLab 6 pt II.vcxproj", "{C0DF0E50-4FCD-4867-8E86-20129011A6C0}"
EndProject
Project("{8BC9CEB8-8B4A-11D0-8D11-00A0C91BC942}") = "inLab 8 pt I", "inLab 8 pt I\inLab 8 pt I.vcxproj", "{819C5E47-E354-4D73-9586-8869E3A3B588}"
EndProject
Project("{8BC9CEB8-8B4A-11D0-8D11-00A0C91BC942}") = "inLab 8 pt II", "inLab 8 pt II\inLab 8 pt II.vcxproj", "{3E82CDDD-2998-4BB1-8C0A-21322E7BA448}"
EndProject
Project("{8BC9CEB8-8B4A-11D0-8D11-00A0C91BC942}") = "inLab 8 pt III", "inLab 8 pt III\inLab 8 pt III.vcxproj", "{AA2EED23-1E78-4144-8B2E-ACE8C865AA26}"
EndProject
Project("{8BC9CEB8-8B4A-11D0-8D11-00A0C91BC942}") = "inLab 9 pt I", "inLab 9 pt I\inLab 9 pt I.vcxproj", "{2FEF528A-8351-4DB3-B14C-81B934136D44}"
EndProject
Project("{8BC9CEB8-8B4A-11D0-8D11-00A0C91BC942}") = "inLab 9 pt II", "inLab 9 pt II\inLab 9 pt II.vcxproj", "{AF3B5433-CFD5-4421-8798-3F58A766BCE3}"
EndProject
Project("{8BC9CEB8-8B4A-11D0-8D11-00A0C91BC942}") = "inLab 10 pt I", "inLab 10 pt I\inLab 10 pt I.vcxproj", "{5DADD3E4-0B7A-4932-A859-DA7DC51D431F}"
EndProject
Project("{8BC9CEB8-8B4A-11D0-8D11-00A0C91BC942}") = "inLab 10 pt II", "inLab 10 pt II\inLab 10 pt II.vcxproj", "{EE18BAF1-4A8C-42BD-AD55-EC9A9EF37608}"
EndProject
Project("{2150E333-8FDC-42A3-9474-1A3956D46DE8}") = "Solution Items", "Solution Items", "{25BD6CDE-6EF7-4664-97E2-216947C1683B}"
	ProjectSection(SolutionItems) = preProject
		Lab 6\lab 6.vsd = Lab 6\lab 6.vsd
	EndProjectSection
EndProject
Global
	GlobalSection(SolutionConfigurationPlatforms) = preSolution
		Debug|Win32 = Debug|Win32
		Release|Win32 = Release|Win32
	EndGlobalSection
	GlobalSection(ProjectConfigurationPlatforms) = postSolution
		{EDC999AB-A6C2-4A33-A99E-C76010098BAC}.Debug|Win32.ActiveCfg = Debug|Win32
		{EDC999AB-A6C2-4A33-A99E-C76010098BAC}.Debug|Win32.Build.0 = Debug|Win32
		{EDC999AB-A6C2-4A33-A99E-C76010098BAC}.Release|Win32.ActiveCfg = Release|Win32
		{EDC999AB-A6C2-4A33-A99E-C76010098BAC}.Release|Win32.Build.0 = Release|Win32
		{C4399E4E-7BC9-4798-992A-BE7F7086FED1}.Debug|Win32.ActiveCfg = Debug|Win32
		{C4399E4E-7BC9-4798-992A-BE7F7086FED1}.Debug|Win32.Build.0 = Debug|Win32
		{C4399E4E-7BC9-4798-992A-BE7F7086FED1}.Release|Win32.ActiveCfg = Release|Win32
		{C4399E4E-7BC9-4798-992A-BE7F7086FED1}.Release|Win32.Build.0 = Release|Win32
		{BA94AE66-A333-430E-9356-A6E89374AE28}.Debug|Win32.ActiveCfg = Debug|Win32
		{BA94AE66-A333-430E-9356-A6E89374AE28}.Debug|Win32.Build.0 = Debug|Win32
		{BA94AE66-A333-430E-9356-A6E89374AE28}.Release|Win32.ActiveCfg = Release|Win32
		{BA94AE66-A333-430E-9356-A6E89374AE28}.Release|Win32.Build.0 = Release|Win32
		{4BE0D61D-B3D7-4F70-8A8A-7E1A1D7FAACE}.Debug|Win32.ActiveCfg = Debug|Win32
		{4BE0D61D-B3D7-4F70-8A8A-7E1A1D7FAACE}.Debug|Win32.Build.0 = Debug|Win32
		{4BE0D61D-B3D7-4F70-8A8A-7E1A1D7FAACE}.Release|Win32.ActiveCfg = Release|Win32
		{4BE0D61D-B3D7-4F70-8A8A-7E1A1D7FAACE}.Release|Win32.Build.0 = Release|Win32
		{81E965DD-8688-4657-B5DF-17EFB042094E}.Debug|Win32.ActiveCfg = Debug|Win32
		{81E965DD-8688-4657-B5DF-17EFB042094E}.Debug|Win32.Build.0 = Debug|Win32
		{81E965DD-8688-4657-B5DF-17EFB042094E}.Release|Win32.ActiveCfg = Release|Win32
		{81E965DD-8688-4657-B5DF-17EFB042094E}.Release|Win32.Build.0 = Release|Win32
		{16B724D2-6870-42D2-8DDF-264236786E89}.Debug|Win32.ActiveCfg = Debug|Win32
		{16B724D2-6870-42D2-8DDF-264236786E89}.Debug|Win32.Build.0 = Debug|Win32
		{16B724D2-6870-42D2-8DDF-264236786E89}.Release|Win32.ActiveCfg = Release|Win32
		{16B724D2-6870-42D2-8DDF-264236786E89}.Release|Win32.Build.0 = Release|Win32
		{FA20FE8B-AAB5-4C64-816B-C3D1644ACA85}.Debug|Win32.ActiveCfg = Debug|Win32
		{FA20FE8B-AAB5-4C64-816B-C3D1644ACA85}.Debug|Win32.Build.0 = Debug|Win32
		{FA20FE8B-AAB5-4C64-816B-C3D1644ACA85}.Release|Win32.ActiveCfg = Release|Win32
		{FA20FE8B-AAB5-4C64-816B-C3D1644ACA85}.Release|Win32.Build.0 = Release|Win32
		{C59B8F80-152D-4BFB-9D21-27F6FD12FCF2}.Debug|Win32.ActiveCfg = Debug|Win32
		{C59B8F80-152D-4BFB-9D21-27F6FD12FCF2}.Debug|Win32.Build.0 = Debug|Win32
		{C59B8F80-152D-4BFB-9D21-27F6FD12FCF2}.Release|Win32.ActiveCfg = Release|Win32
		{C59B8F80-152D-4BFB-9D21-27F6FD12FCF2}.Release|Win32.Build.0 = Release|Win32
		{933C5EE5-4D96-4B1A-92E2-770D6698364D}.Debug|Win32.ActiveCfg = Debug|Win32
		{933C5EE5-4D96-4B1A-92E2-770D6698364D}.Debug|Win32.Build.0 = Debug|Win32
		{933C5EE5-4D96-4B1A-92E2-770D6698364D}.Release|Win32.ActiveCfg = Release|Win32
		{933C5EE5-4D96-4B1A-92E2-770D6698364D}.Release|Win32.Build.0 = Release|Win32
		{42F124C7-7DA4-410F-93F7-E55C143E1746}.Debug|Win32.ActiveCfg = Debug|Win32
		{42F124C7-7DA4-410F-93F7-E55C143E1746}.Debug|Win32.Build.0 = Debug|Win32
		{42F124C7-7DA4-410F-93F7-E55C143E1746}.Release|Win32.ActiveCfg = Release|Win32
		{42F124C7-7DA4-410F-93F7-E55C143E1746}.Release|Win32.Build.0 = Release|Win32
		{B2D50C6D-3254-4A78-B69B-E8FF83D4A60E}.Debug|Win32.ActiveCfg = Debug|Win32
		{B2D50C6D-3254-4A78-B69B-E8FF83D4A60E}.Debug|Win32.Build.0 = Debug|Win32
		{B2D50C6D-3254-4A78-B69B-E8FF83D4A60E}.Release|Win32.ActiveCfg = Release|Win32
		{B2D50C6D-3254-4A78-B69B-E8FF83D4A60E}.Release|Win32.Build.0 = Release|Win32
		{34738C16-8D5A-4132-9284-0775D3E4201F}.Debug|Win32.ActiveCfg = Debug|Win32
		{34738C16-8D5A-4132-9284-0775D3E4201F}.Debug|Win32.Build.0 = Debug|Win32
		{34738C16-8D5A-4132-9284-0775D3E4201F}.Release|Win32.ActiveCfg = Release|Win32
		{34738C16-8D5A-4132-9284-0775D3E4201F}.Release|Win32.Build.0 = Release|Win32
		{047BEF80-5FA3-4E82-89CC-0EB0DC687A02}.Debug|Win32.ActiveCfg = Debug|Win32
		{047BEF80-5FA3-4E82-89CC-0EB0DC687A02}.Debug|Win32.Build.0 = Debug|Win32
		{047BEF80-5FA3-4E82-89CC-0EB0DC687A02}.Release|Win32.ActiveCfg = Release|Win32
		{047BEF80-5FA3-4E82-89CC-0EB0DC687A02}.Release|Win32.Build.0 = Release|Win32
		{FD3FFD89-B4B9-453A-BAF5-CA85CD23DB5D}.Debug|Win32.ActiveCfg = Debug|Win32
		{FD3FFD89-B4B9-453A-BAF5-CA85CD23DB5D}.Debug|Win32.Build.0 = Debug|Win32
		{FD3FFD89-B4B9-453A-BAF5-CA85CD23DB5D}.Release|Win32.ActiveCfg = Release|Win32
		{FD3FFD89-B4B9-453A-BAF5-CA85CD23DB5D}.Release|Win32.Build.0 = Release|Win32
		{A7F647FB-0D7E-4591-85DA-70B35B2E4269}.Debug|Win32.ActiveCfg = Debug|Win32
		{A7F647FB-0D7E-4591-85DA-70B35B2E4269}.Debug|Win32.Build.0 = Debug|Win32
		{A7F647FB-0D7E-4591-85DA-70B35B2E4269}.Release|Win32.ActiveCfg = Release|Win32
		{A7F647FB-0D7E-4591-85DA-70B35B2E4269}.Release|Win32.Build.0 = Release|Win32
		{2C150943-D4E1-46D3-8619-F6A8A5A3F279}.Debug|Win32.ActiveCfg = Debug|Win32
		{2C150943-D4E1-46D3-8619-F6A8A5A3F279}.Debug|Win32.Build.0 = Debug|Win32
		{2C150943-D4E1-46D3-8619-F6A8A5A3F279}.Release|Win32.ActiveCfg = Release|Win32
		{2C150943-D4E1-46D3-8619-F6A8A5A3F279}.Release|Win32.Build.0 = Release|Win32
		{27E2298A-5EF9-4ACE-AF46-02960C13868B}.Debug|Win32.ActiveCfg = Debug|Win32
		{27E2298A-5EF9-4ACE-AF46-02960C13868B}.Debug|Win32.Build.0 = Debug|Win32
		{27E2298A-5EF9-4ACE-AF46-02960C13868B}.Release|Win32.ActiveCfg = Release|Win32
		{27E2298A-5EF9-4ACE-AF46-02960C13868B}.Release|Win32.Build.0 = Release|Win32
		{BAF34FA9-3539-4F4F-9645-224C0445AF0C}.Debug|Win32.ActiveCfg = Debug|Win32
		{BAF34FA9-3539-4F4F-9645-224C0445AF0C}.Debug|Win32.Build.0 = Debug|Win32
		{BAF34FA9-3539-4F4F-9645-224C0445AF0C}.Release|Win32.ActiveCfg = Release|Win32
		{BAF34FA9-3539-4F4F-9645-224C0445AF0C}.Release|Win32.Build.0 = Release|Win32
		{89EC6A12-778E-46F8-A4C7-485FE16DCD0A}.Debug|Win32.ActiveCfg = Debug|Win32
		{89EC6A12-778E-46F8-A4C7-485FE16DCD0A}.Debug|Win32.Build.0 = Debug|Win32
		{89EC6A12-778E-46F8-A4C7-485FE16DCD0A}.Release|Win32.ActiveCfg = Release|Win32
		{89EC6A12-778E-46F8-A4C7-485FE16DCD0A}.Release|Win32.Build.0 = Release|Win32
		{B686F685-9177-4116-AB31-B128D7E88D38}.Debug|Win32.ActiveCfg = Debug|Win32
		{B686F685-9177-4116-AB31-B128D7E88D38}.Debug|Win32.Build.0 = Debug|Win32
		{B686F685-9177-4116-AB31-B128D7E88D38}.Release|Win32.ActiveCfg = Release|Win32
		{B686F685-9177-4116-AB31-B128D7E88D38}.Release|Win32.Build.0 = Release|Win32
		{DA83F590-C9F5-48C4-B161-9847BE7115D4}.Debug|Win32.ActiveCfg = Debug|Win32
		{DA83F590-C9F5-48C4-B161-9847BE7115D4}.Debug|Win32.Build.0 = Debug|Win32
		{DA83F590-C9F5-48C4-B161-9847BE7115D4}.Release|Win32.ActiveCfg = Release|Win32
		{DA83F590-C9F5-48C4-B161-9847BE7115D4}.Release|Win32.Build.0 = Release|Win32
		{D8E2C9CD-ED31-484E-8971-CE84F7F7AEFB}.Debug|Win32.ActiveCfg = Debug|Win32
		{D8E2C9CD-ED31-484E-8971-CE84F7F7AEFB}.Debug|Win32.Build.0 = Debug|Win32
		{D8E2C9CD-ED31-484E-8971-CE84F7F7AEFB}.Release|Win32.ActiveCfg = Release|Win32
		{D8E2C9CD-ED31-484E-8971-CE84F7F7AEFB}.Release|Win32.Build.0 = Release|Win32
		{D0596FD4-9CC0-4E30-B5C6-0CEB07C89684}.Debug|Win32.ActiveCfg = Debug|Win32
		{D0596FD4-9CC0-4E30-B5C6-0CEB07C89684}.Debug|Win32.Build.0 = Debug|Win32
		{D0596FD4-9CC0-4E30-B5C6-0CEB07C89684}.Release|Win32.ActiveCfg = Release|Win32
		{D0596FD4-9CC0-4E30-B5C6-0CEB07C89684}.Release|Win32.Build.0 = Release|Win32
		{C0DF0E50-4FCD-4867-8E86-20129011A6C0}.Debug|Win32.ActiveCfg = Debug|Win32
		{C0DF0E50-4FCD-4867-8E86-20129011A6C0}.Debug|Win32.Build.0 = Debug|Win32
		{C0DF0E50-4FCD-4867-8E86-20129011A6C0}.Release|Win32.ActiveCfg = Release|Win32
		{C0DF0E50-4FCD-4867-8E86-20129011A6C0}.Release|Win32.Build.0 = Release|Win32
		{819C5E47-E354-4D73-9586-8869E3A3B588}.Debug|Win32.ActiveCfg = Debug|Win32
		{819C5E47-E354-4D73-9586-8869E3A3B588}.Debug|Win32.Build.0 = Debug|Win32
		{819C5E47-E354-4D73-9586-8869E3A3B588}.Release|Win32.ActiveCfg = Release|Win32
		{819C5E47-E354-4D73-9586-8869E3A3B588}.Release|Win32.Build.0 = Release|Win32
		{3E82CDDD-2998-4BB1-8C0A-21322E7BA448}.Debug|Win32.ActiveCfg = Debug|Win32
		{3E82CDDD-2998-4BB1-8C0A-21322E7BA448}.Debug|Win32.Build.0 = Debug|Win32
		{3E82CDDD-2998-4BB1-8C0A-21322E7BA448}.Release|Win32.ActiveCfg = Release|Win32
		{3E82CDDD-2998-4BB1-8C0A-21322E7BA448}.Release|Win32.Build.0 = Release|Win32
		{AA2EED23-1E78-4144-8B2E-ACE8C865AA26}.Debug|Win32.ActiveCfg = Debug|Win32
		{AA2EED23-1E78-4144-8B2E-ACE8C865AA26}.Debug|Win32.Build.0 = Debug|Win32
		{AA2EED23-1E78-4144-8B2E-ACE8C865AA26}.Release|Win32.ActiveCfg = Release|Win32
		{AA2EED23-1E78-4144-8B2E-ACE8C865AA26}.Release|Win32.Build.0 = Release|Win32
		{2FEF528A-8351-4DB3-B14C-81B934136D44}.Debug|Win32.ActiveCfg = Debug|Win32
		{2FEF528A-8351-4DB3-B14C-81B934136D44}.Debug|Win32.Build.0 = Debug|Win32
		{2FEF528A-8351-4DB3-B14C-81B934136D44}.Release|Win32.ActiveCfg = Release|Win32
		{2FEF528A-8351-4DB3-B14C-81B934136D44}.Release|Win32.Build.0 = Release|Win32
		{AF3B5433-CFD5-4421-8798-3F58A766BCE3}.Debug|Win32.ActiveCfg = Debug|Win32
		{AF3B5433-CFD5-4421-8798-3F58A766BCE3}.Debug|Win32.Build.0 = Debug|Win32
		{AF3B5433-CFD5-4421-8798-3F58A766BCE3}.Release|Win32.ActiveCfg = Release|Win32
		{AF3B5433-CFD5-4421-8798-3F58A766BCE3}.Release|Win32.Build.0 = Release|Win32
		{5DADD3E4-0B7A-4932-A859-DA7DC51D431F}.Debug|Win32.ActiveCfg = Debug|Win32
		{5DADD3E4-0B7A-4932-A859-DA7DC51D431F}.Debug|Win32.Build.0 = Debug|Win32
		{5DADD3E4-0B7A-4932-A859-DA7DC51D431F}.Release|Win32.ActiveCfg = Release|Win32
		{5DADD3E4-0B7A-4932-A859-DA7DC51D431F}.Release|Win32.Build.0 = Release|Win32
		{EE18BAF1-4A8C-42BD-AD55-EC9A9EF37608}.Debug|Win32.ActiveCfg = Debug|Win32
		{EE18BAF1-4A8C-42BD-AD55-EC9A9EF37608}.Debug|Win32.Build.0 = Debug|Win32
		{EE18BAF1-4A8C-42BD-AD55-EC9A9EF37608}.Release|Win32.ActiveCfg = Release|Win32
		{EE18BAF1-4A8C-42BD-AD55-EC9A9EF37608}.Release|Win32.Build.0 = Release|Win32
	EndGlobalSection
	GlobalSection(SolutionProperties) = preSolution
		HideSolutionNode = FALSE
	EndGlobalSection
	GlobalSection(SubversionScc) = preSolution
		Svn-Managed = True
		Manager = AnkhSVN - Subversion Support for Visual Studio
	EndGlobalSection
EndGlobal
